
Microsoft Visual Studio Solution File, Format Version 12.00
# Visual Studio Version 17
VisualStudioVersion = 17.10.35027.167
MinimumVisualStudioVersion = 10.0.40219.1
Project("{FAE04EC0-301F-11D3-BF4B-00C04F79EFBC}") = "DEMO-Product.API", "DEMO-Product.API\DEMO-Product.API.csproj", "{3A790E64-15A4-4F49-BAE9-77E974D9EF34}"
EndProject
Project("{FAE04EC0-301F-11D3-BF4B-00C04F79EFBC}") = "DEMO-Product.Application", "DEMO-Product.Application\DEMO-Product.Application.csproj", "{3438124A-683A-4C99-A7B3-7F0EECD22F75}"
EndProject
Project("{FAE04EC0-301F-11D3-BF4B-00C04F79EFBC}") = "DEMO-Product.Domain", "DEMO-Product.Domain\DEMO-Product.Domain.csproj", "{4A15A7AE-70B4-4ACE-8A7C-8B80D18DF7FA}"
EndProject
Project("{FAE04EC0-301F-11D3-BF4B-00C04F79EFBC}") = "DEMO-Product.Infrastructure", "DEMO-Product.Infrastructure\DEMO-Product.Infrastructure.csproj", "{28EEA2FD-7B75-46F1-ABC6-ED2139CC3CAA}"
EndProject
Project("{FAE04EC0-301F-11D3-BF4B-00C04F79EFBC}") = "DEMO-Product.Shared", "DEMO-Product.Shared\DEMO-Product.Shared.csproj", "{31E2534F-B782-4C80-A9D0-07B165184D2E}"
EndProject
Global
	GlobalSection(SolutionConfigurationPlatforms) = preSolution
		Debug|Any CPU = Debug|Any CPU
		Release|Any CPU = Release|Any CPU
	EndGlobalSection
	GlobalSection(ProjectConfigurationPlatforms) = postSolution
		{3A790E64-15A4-4F49-BAE9-77E974D9EF34}.Debug|Any CPU.ActiveCfg = Debug|Any CPU
		{3A790E64-15A4-4F49-BAE9-77E974D9EF34}.Debug|Any CPU.Build.0 = Debug|Any CPU
		{3A790E64-15A4-4F49-BAE9-77E974D9EF34}.Release|Any CPU.ActiveCfg = Release|Any CPU
		{3A790E64-15A4-4F49-BAE9-77E974D9EF34}.Release|Any CPU.Build.0 = Release|Any CPU
		{3438124A-683A-4C99-A7B3-7F0EECD22F75}.Debug|Any CPU.ActiveCfg = Debug|Any CPU
		{3438124A-683A-4C99-A7B3-7F0EECD22F75}.Debug|Any CPU.Build.0 = Debug|Any CPU
		{3438124A-683A-4C99-A7B3-7F0EECD22F75}.Release|Any CPU.ActiveCfg = Release|Any CPU
		{3438124A-683A-4C99-A7B3-7F0EECD22F75}.Release|Any CPU.Build.0 = Release|Any CPU
		{4A15A7AE-70B4-4ACE-8A7C-8B80D18DF7FA}.Debug|Any CPU.ActiveCfg = Debug|Any CPU
		{4A15A7AE-70B4-4ACE-8A7C-8B80D18DF7FA}.Debug|Any CPU.Build.0 = Debug|Any CPU
		{4A15A7AE-70B4-4ACE-8A7C-8B80D18DF7FA}.Release|Any CPU.ActiveCfg = Release|Any CPU
		{4A15A7AE-70B4-4ACE-8A7C-8B80D18DF7FA}.Release|Any CPU.Build.0 = Release|Any CPU
		{28EEA2FD-7B75-46F1-ABC6-ED2139CC3CAA}.Debug|Any CPU.ActiveCfg = Debug|Any CPU
		{28EEA2FD-7B75-46F1-ABC6-ED2139CC3CAA}.Debug|Any CPU.Build.0 = Debug|Any CPU
		{28EEA2FD-7B75-46F1-ABC6-ED2139CC3CAA}.Release|Any CPU.ActiveCfg = Release|Any CPU
		{28EEA2FD-7B75-46F1-ABC6-ED2139CC3CAA}.Release|Any CPU.Build.0 = Release|Any CPU
		{31E2534F-B782-4C80-A9D0-07B165184D2E}.Debug|Any CPU.ActiveCfg = Debug|Any CPU
		{31E2534F-B782-4C80-A9D0-07B165184D2E}.Debug|Any CPU.Build.0 = Debug|Any CPU
		{31E2534F-B782-4C80-A9D0-07B165184D2E}.Release|Any CPU.ActiveCfg = Release|Any CPU
		{31E2534F-B782-4C80-A9D0-07B165184D2E}.Release|Any CPU.Build.0 = Release|Any CPU
	EndGlobalSection
	GlobalSection(SolutionProperties) = preSolution
		HideSolutionNode = FALSE
	EndGlobalSection
	GlobalSection(ExtensibilityGlobals) = postSolution
		SolutionGuid = {3B2D3764-FD20-4919-8E14-70C53FD45DFE}
	EndGlobalSection
EndGlobal
